
Microsoft Visual Studio Solution File, Format Version 12.00
# Visual Studio Version 16
VisualStudioVersion = 16.0.29709.97
MinimumVisualStudioVersion = 10.0.40219.1
Project("{FAE04EC0-301F-11D3-BF4B-00C04F79EFBC}") = "Centro_AutomotivoS_Interface", "Centro_AutomotivoS_Interface\Centro_AutomotivoS_Interface.csproj", "{62F08593-CAAA-48E3-94F8-C2DD78890A58}"
EndProject
Global
	GlobalSection(SolutionConfigurationPlatforms) = preSolution
		Debug|Any CPU = Debug|Any CPU
		Release|Any CPU = Release|Any CPU
	EndGlobalSection
	GlobalSection(ProjectConfigurationPlatforms) = postSolution
		{62F08593-CAAA-48E3-94F8-C2DD78890A58}.Debug|Any CPU.ActiveCfg = Debug|Any CPU
		{62F08593-CAAA-48E3-94F8-C2DD78890A58}.Debug|Any CPU.Build.0 = Debug|Any CPU
		{62F08593-CAAA-48E3-94F8-C2DD78890A58}.Release|Any CPU.ActiveCfg = Release|Any CPU
		{62F08593-CAAA-48E3-94F8-C2DD78890A58}.Release|Any CPU.Build.0 = Release|Any CPU
	EndGlobalSection
	GlobalSection(SolutionProperties) = preSolution
		HideSolutionNode = FALSE
	EndGlobalSection
	GlobalSection(ExtensibilityGlobals) = postSolution
		SolutionGuid = {D31791DB-F16E-4BFF-883A-545A5E842793}
	EndGlobalSection
EndGlobal
